dependencies:
- name: clustereye-frontend
  repository: file://./charts/clustereye-frontend
  version: 0.1.0
- name: clustereye-api
  repository: file://./charts/clustereye-api
  version: 0.1.0
- name: clustereye-envoy
  repository: file://./charts/clustereye-envoy
  version: 0.1.0
- name: postgresql
  repository: https://charts.bitnami.com/bitnami
  version: 16.7.27
- name: influxdb
  repository: https://helm.influxdata.com/
  version: 4.12.5
digest: sha256:a126e84c093680bfeb4b297b40bfe9f33adc65c10412e81d8a92d80793c0dc40
generated: "2025-11-04T09:30:45.240605+03:00"
