dependencies:
- name: clustereye-frontend
  repository: file://./charts/clustereye-frontend
  version: 0.1.0
- name: clustereye-api
  repository: file://./charts/clustereye-api
  version: 0.1.0
- name: postgresql
  repository: https://charts.bitnami.com/bitnami
  version: 16.7.27
- name: influxdb
  repository: https://helm.influxdata.com/
  version: 4.12.5
digest: sha256:76a0a043f4c11395efadf817db4414cc9dbe272252760d3dd361d3e78a4e0089
generated: "2025-09-16T15:55:03.637118+03:00"
